# Immutable SQLx migration blobs. Existing entries are append-only.
# Format: <git blob oid> <migration filename>
d65e5e438f2eaf07ffd79e23de31476cd227476c 0001_session_control_plane.sql
1e5abbfa3fa46f861e1c569354c57ff96a45f64b 0002_session_event_notifications.sql
dfa48d004fa46f58c0af26dbfa47f564fd737ee8 0003_session_iron_control_principal.sql
c36715a8113da4691353e28769ef49c3f8d79d07 0004_session_warm_pool.sql
417518e52ba2c8e0724fc7b4edd6e3757f406b58 0005_session_handoff_idempotency.sql
7b57bd8aedcee0a0457fe5495e88e8927beeecee 0006_session_persona_id.sql
628bd19aa5ef9445eddd1d727979b5964872e866 0007_absurd_workflows.sql
00f380a03cb50de1c64b900a97ed0ccffdb952af 0008_absurd_complete_run_clears_failure.sql
9be2eb8fd376909819cc40e81513b719f5d48d2a 0009_absurd_await_event_task_guard.sql
cc80e26fe3c3ebfa08868481c1ef7e1aac8c5ce4 0010_user_feedback.sql
0824861d7e34b064c55691909256977dd4dc845f 0011_slack_sync_tables.sql
e6d076bc02f0025ac1183738fe3040c7432e2d97 0012_company_context_documents.sql
3bf17ffa16181ce7c2c189148c22c29845d86bd7 0013_google_drive_sync_tables.sql
2edd3dbf0dffabcf093316de092aaed90df5c6d2 0014_google_calendar_sync_tables.sql
ac4ef418546734322c499b77ab56aba95228ed6d 0015_linear_sync_tables.sql
d074e08889269719a3d0579d7e5aac15651f6985 0016_slack_context_rls.sql
d192cd93e0a262db7eebe2e1b0744eb53dd73f68 0017_slack_sync_message_attachments.sql
3be87c5e1c088188823832e893032d6ca7b5b9a2 0018_slack_context_rls_admin_channels.sql
9412ce5ea9230d86b20018c52a3622e5587bb11e 0019_centaur_readonly_role.sql
f9cd945ac7897cf40ba2f413a8d1e3ebdea126ba 0020_centaur_readonly_role_only.sql
6873c21abc088e3f90f330bf240558e55ca1e9e5 0021_etl_context_rls.sql
2f2a2709740d77053f8d97536c18427f922c2987 0022_drop_slack_context_rls_admin_channels.sql
a909f93a5383f44cc7010e0f4e0b982f66d6b80b 0023_centaur_readonly_rls_policies.sql
b409c6a229749e6fa1badf8cf025ce41aada0d6a 0024_session_event_execution_type_idx.sql
26683d6847fa8ec898f622872adbc02a073ff7cf 0025_slack_archive_imports.sql
fe2c3e03bc2ee410e66a81d731fd8054c3bcc816 0026_drop_slack_archive_import_workspace.sql
d294e5876682d78cd9f33ed042ff557f95242f75 0027_slack_dm_sync_tables.sql
1582f77beaca4cb102da591c1fbc0dae4a2e5d47 0028_slack_dm_context_documents.sql
65138cae49dc417c1df67aea7cc32824ea3ac7e6 0029_slack_dm_conversation_context_documents.sql
89dbb44e71ea8da1a62e24784f20bb6d132f0339 0030_google_docs_oauth_sync_tables.sql
91e27785ad4be1dcef2554072047dcfd028adeea 0031_session_sandbox_capabilities.sql
7e20b465eff2d1c516bbfc192039ca63c1367de5 0032_session_title.sql
eac1434ca811915903f3d31553085b4b54732afe 0033_session_sandbox_activity.sql
9dd0c44b1518d41840d6e62e331bfe38e0abb74f 0034_session_execution_stdout_owner.sql
f7faa61c5610d255e2418e282db090f72fb0638f 0035_session_sandbox_api_server_capability.sql
cc15e6fc096de4f18c6bbe1e72e3f9ed13eba352 0036_session_harness_type_omp.sql
a8e4dab3016dbd2426db81cae85a138915ca225f 0037_session_sandbox_repo_cache_access.sql
602e38848a79811fa98492f653dd2ea7616066b5 0038_slack_private_channels.sql
20284fba36e56f116264e305d805277e8d2feb98 0040_granola_sync_tables.sql
442a374fa082e934393366910b0c16b0aa0c92ea 0041_attio_sync_tables.sql
4d0cf6ddee9c0bf836f697e34dad5e22729daca7 0042_centaur_readonly_slack_dm_rls.sql
5a009589864c7efdfc7281c98cf35b4e843fa649 0043_readonly_all_workflow_queues.sql
856f48e40150cd1595d796c6d257d1172e649e59 0044_granola_context_projection.sql
ebf79460f296cca036f7ff63b979c4d1cc093b21 0045_company_context_projection_checkpoints.sql
b26af21b6ea66e14560a6d0526cca593f70fd4e9 0046_slack_private_channel_oauth_sync.sql
6788f3df7b928eb9d454bd4ac1797b9017ee76b2 0047_session_exclusive_ownership.sql
04969bc3daf4ab799bf7f0da27df1ccbed8074c0 0048_session_harness_types_omp_nanocodex.sql
22c22cad8ba1a7399e7f082bb5493d3a3b0ea2cf 0049_session_proxy_labels.sql
93697301e4c3546d090b61a5d02f15800e205511 0050_company_context_reader_role.sql
c081f586a761f21c694defcd6b59414a827b1b8e 0051_session_sandbox_leases.sql
